
Microsoft Visual Studio Solution File, Format Version 12.00
# Visual Studio Version 17
VisualStudioVersion = 17.5.002.0
MinimumVisualStudioVersion = 10.0.40219.1
Project("{2150E333-8FDC-42A3-9474-1A3956D46DE8}") = "csharp-prep", "csharp-prep", "{DA93F8A0-2852-4AFB-ADE5-797B71850B4A}"
EndProject
Project("{9A19103F-16F7-4668-BE54-9A1E7A4F7556}") = "Prep1", "csharp-prep\Prep1\Prep1.csproj", "{C0D1BFF4-6FDA-4ED4-B4EF-2425E06D0DA1}"
EndProject
Project("{9A19103F-16F7-4668-BE54-9A1E7A4F7556}") = "Prep2", "csharp-prep\Prep2\Prep2.csproj", "{A99B8739-607D-4FD6-9D41-9533BEF27A59}"
EndProject
Project("{9A19103F-16F7-4668-BE54-9A1E7A4F7556}") = "Prep3", "csharp-prep\Prep3\Prep3.csproj", "{C93036B8-B812-4213-B406-BB40D953FED7}"
EndProject
Project("{9A19103F-16F7-4668-BE54-9A1E7A4F7556}") = "Prep4", "csharp-prep\Prep4\Prep4.csproj", "{B806F25B-0EBD-449D-B1A1-5BD133CE63DD}"
EndProject
Project("{9A19103F-16F7-4668-BE54-9A1E7A4F7556}") = "Prep5", "csharp-prep\Prep5\Prep5.csproj", "{48F3037B-A9D6-4BBC-A076-3B73BB9E4107}"
EndProject
Project("{2150E333-8FDC-42A3-9474-1A3956D46DE8}") = "final", "final", "{24969C63-26BF-4B33-BF3A-755508E63CFA}"
EndProject
Project("{9A19103F-16F7-4668-BE54-9A1E7A4F7556}") = "FinalProject", "final\FinalProject\FinalProject.csproj", "{5A620A2C-DB39-40B7-96BD-FB72D5B60EC3}"
EndProject
Project("{9A19103F-16F7-4668-BE54-9A1E7A4F7556}") = "Foundation1", "final\Foundation1\Foundation1.csproj", "{9320CE2C-987B-46E4-B179-37228EA71CF6}"
EndProject
Project("{9A19103F-16F7-4668-BE54-9A1E7A4F7556}") = "Foundation2", "final\Foundation2\Foundation2.csproj", "{942A22E1-B473-462A-84DA-8D6B0EE6F2D4}"
EndProject
Project("{9A19103F-16F7-4668-BE54-9A1E7A4F7556}") = "Foundation3", "final\Foundation3\Foundation3.csproj", "{FC9311CD-7532-4BF3-A47F-0A5AE2EEA32E}"
EndProject
Project("{9A19103F-16F7-4668-BE54-9A1E7A4F7556}") = "Foundation4", "final\Foundation4\Foundation4.csproj", "{153F7259-2D18-44D2-8F0E-A34A1831724B}"
EndProject
Project("{2150E333-8FDC-42A3-9474-1A3956D46DE8}") = "prepare", "prepare", "{3F26BA10-B0F6-4029-8EAF-C55A01CEF6B3}"
EndProject
Project("{9A19103F-16F7-4668-BE54-9A1E7A4F7556}") = "Learning02", "prepare\Learning02\Learning02.csproj", "{AE8B350A-0706-49A0-A74D-072E43D83E99}"
EndProject
Project("{9A19103F-16F7-4668-BE54-9A1E7A4F7556}") = "Learning03", "prepare\Learning03\Learning03.csproj", "{769C372A-4CC5-4622-9372-F95EC660F490}"
EndProject
Project("{9A19103F-16F7-4668-BE54-9A1E7A4F7556}") = "Learning04", "prepare\Learning04\Learning04.csproj", "{2D65C826-AC34-4FE0-957F-2EEDCF823F7D}"
EndProject
Project("{9A19103F-16F7-4668-BE54-9A1E7A4F7556}") = "Learning05", "prepare\Learning05\Learning05.csproj", "{C038E350-99B5-4937-9052-447C2785BE6E}"
EndProject
Project("{2150E333-8FDC-42A3-9474-1A3956D46DE8}") = "prove", "prove", "{D05AFCA4-3801-45E4-A251-C087D0D232F9}"
EndProject
Project("{9A19103F-16F7-4668-BE54-9A1E7A4F7556}") = "Develop02", "prove\Develop02\Develop02.csproj", "{984729DE-282D-4FA8-9851-836741F4B14B}"
EndProject
Project("{9A19103F-16F7-4668-BE54-9A1E7A4F7556}") = "Develop03", "prove\Develop03\Develop03.csproj", "{6F10A696-7204-4257-8141-BDFF9AFDDF26}"
EndProject
Project("{9A19103F-16F7-4668-BE54-9A1E7A4F7556}") = "Develop04", "prove\Develop04\Develop04.csproj", "{7D3705C5-5CA0-408B-8F26-D617F462AEAF}"
EndProject
Project("{9A19103F-16F7-4668-BE54-9A1E7A4F7556}") = "Develop05", "prove\Develop05\Develop05.csproj", "{E87E947B-8741-415D-B80E-6DFA8137AF55}"
EndProject
Project("{2150E333-8FDC-42A3-9474-1A3956D46DE8}") = "sandbox", "sandbox", "{0DC5C968-5DE5-424C-96EA-FAD0757B33F2}"
EndProject
Project("{9A19103F-16F7-4668-BE54-9A1E7A4F7556}") = "Sandbox", "sandbox\Sandbox\Sandbox.csproj", "{483614B5-EC4B-4663-AEFE-CC2F271FE9FE}"
EndProject
Global
	GlobalSection(SolutionConfigurationPlatforms) = preSolution
		Debug|Any CPU = Debug|Any CPU
		Release|Any CPU = Release|Any CPU
	EndGlobalSection
	GlobalSection(ProjectConfigurationPlatforms) = postSolution
		{C0D1BFF4-6FDA-4ED4-B4EF-2425E06D0DA1}.Debug|Any CPU.ActiveCfg = Debug|Any CPU
		{C0D1BFF4-6FDA-4ED4-B4EF-2425E06D0DA1}.Debug|Any CPU.Build.0 = Debug|Any CPU
		{C0D1BFF4-6FDA-4ED4-B4EF-2425E06D0DA1}.Release|Any CPU.ActiveCfg = Release|Any CPU
		{C0D1BFF4-6FDA-4ED4-B4EF-2425E06D0DA1}.Release|Any CPU.Build.0 = Release|Any CPU
		{A99B8739-607D-4FD6-9D41-9533BEF27A59}.Debug|Any CPU.ActiveCfg = Debug|Any CPU
		{A99B8739-607D-4FD6-9D41-9533BEF27A59}.Debug|Any CPU.Build.0 = Debug|Any CPU
		{A99B8739-607D-4FD6-9D41-9533BEF27A59}.Release|Any CPU.ActiveCfg = Release|Any CPU
		{A99B8739-607D-4FD6-9D41-9533BEF27A59}.Release|Any CPU.Build.0 = Release|Any CPU
		{C93036B8-B812-4213-B406-BB40D953FED7}.Debug|Any CPU.ActiveCfg = Debug|Any CPU
		{C93036B8-B812-4213-B406-BB40D953FED7}.Debug|Any CPU.Build.0 = Debug|Any CPU
		{C93036B8-B812-4213-B406-BB40D953FED7}.Release|Any CPU.ActiveCfg = Release|Any CPU
		{C93036B8-B812-4213-B406-BB40D953FED7}.Release|Any CPU.Build.0 = Release|Any CPU
		{B806F25B-0EBD-449D-B1A1-5BD133CE63DD}.Debug|Any CPU.ActiveCfg = Debug|Any CPU
		{B806F25B-0EBD-449D-B1A1-5BD133CE63DD}.Debug|Any CPU.Build.0 = Debug|Any CPU
		{B806F25B-0EBD-449D-B1A1-5BD133CE63DD}.Release|Any CPU.ActiveCfg = Release|Any CPU
		{B806F25B-0EBD-449D-B1A1-5BD133CE63DD}.Release|Any CPU.Build.0 = Release|Any CPU
		{48F3037B-A9D6-4BBC-A076-3B73BB9E4107}.Debug|Any CPU.ActiveCfg = Debug|Any CPU
		{48F3037B-A9D6-4BBC-A076-3B73BB9E4107}.Debug|Any CPU.Build.0 = Debug|Any CPU
		{48F3037B-A9D6-4BBC-A076-3B73BB9E4107}.Release|Any CPU.ActiveCfg = Release|Any CPU
		{48F3037B-A9D6-4BBC-A076-3B73BB9E4107}.Release|Any CPU.Build.0 = Release|Any CPU
		{5A620A2C-DB39-40B7-96BD-FB72D5B60EC3}.Debug|Any CPU.ActiveCfg = Debug|Any CPU
		{5A620A2C-DB39-40B7-96BD-FB72D5B60EC3}.Debug|Any CPU.Build.0 = Debug|Any CPU
		{5A620A2C-DB39-40B7-96BD-FB72D5B60EC3}.Release|Any CPU.ActiveCfg = Release|Any CPU
		{5A620A2C-DB39-40B7-96BD-FB72D5B60EC3}.Release|Any CPU.Build.0 = Release|Any CPU
		{9320CE2C-987B-46E4-B179-37228EA71CF6}.Debug|Any CPU.ActiveCfg = Debug|Any CPU
		{9320CE2C-987B-46E4-B179-37228EA71CF6}.Debug|Any CPU.Build.0 = Debug|Any CPU
		{9320CE2C-987B-46E4-B179-37228EA71CF6}.Release|Any CPU.ActiveCfg = Release|Any CPU
		{9320CE2C-987B-46E4-B179-37228EA71CF6}.Release|Any CPU.Build.0 = Release|Any CPU
		{942A22E1-B473-462A-84DA-8D6B0EE6F2D4}.Debug|Any CPU.ActiveCfg = Debug|Any CPU
		{942A22E1-B473-462A-84DA-8D6B0EE6F2D4}.Debug|Any CPU.Build.0 = Debug|Any CPU
		{942A22E1-B473-462A-84DA-8D6B0EE6F2D4}.Release|Any CPU.ActiveCfg = Release|Any CPU
		{942A22E1-B473-462A-84DA-8D6B0EE6F2D4}.Release|Any CPU.Build.0 = Release|Any CPU
		{FC9311CD-7532-4BF3-A47F-0A5AE2EEA32E}.Debug|Any CPU.ActiveCfg = Debug|Any CPU
		{FC9311CD-7532-4BF3-A47F-0A5AE2EEA32E}.Debug|Any CPU.Build.0 = Debug|Any CPU
		{FC9311CD-7532-4BF3-A47F-0A5AE2EEA32E}.Release|Any CPU.ActiveCfg = Release|Any CPU
		{FC9311CD-7532-4BF3-A47F-0A5AE2EEA32E}.Release|Any CPU.Build.0 = Release|Any CPU
		{153F7259-2D18-44D2-8F0E-A34A1831724B}.Debug|Any CPU.ActiveCfg = Debug|Any CPU
		{153F7259-2D18-44D2-8F0E-A34A1831724B}.Debug|Any CPU.Build.0 = Debug|Any CPU
		{153F7259-2D18-44D2-8F0E-A34A1831724B}.Release|Any CPU.ActiveCfg = Release|Any CPU
		{153F7259-2D18-44D2-8F0E-A34A1831724B}.Release|Any CPU.Build.0 = Release|Any CPU
		{AE8B350A-0706-49A0-A74D-072E43D83E99}.Debug|Any CPU.ActiveCfg = Debug|Any CPU
		{AE8B350A-0706-49A0-A74D-072E43D83E99}.Debug|Any CPU.Build.0 = Debug|Any CPU
		{AE8B350A-0706-49A0-A74D-072E43D83E99}.Release|Any CPU.ActiveCfg = Release|Any CPU
		{AE8B350A-0706-49A0-A74D-072E43D83E99}.Release|Any CPU.Build.0 = Release|Any CPU
		{769C372A-4CC5-4622-9372-F95EC660F490}.Debug|Any CPU.ActiveCfg = Debug|Any CPU
		{769C372A-4CC5-4622-9372-F95EC660F490}.Debug|Any CPU.Build.0 = Debug|Any CPU
		{769C372A-4CC5-4622-9372-F95EC660F490}.Release|Any CPU.ActiveCfg = Release|Any CPU
		{769C372A-4CC5-4622-9372-F95EC660F490}.Release|Any CPU.Build.0 = Release|Any CPU
		{2D65C826-AC34-4FE0-957F-2EEDCF823F7D}.Debug|Any CPU.ActiveCfg = Debug|Any CPU
		{2D65C826-AC34-4FE0-957F-2EEDCF823F7D}.Debug|Any CPU.Build.0 = Debug|Any CPU
		{2D65C826-AC34-4FE0-957F-2EEDCF823F7D}.Release|Any CPU.ActiveCfg = Release|Any CPU
		{2D65C826-AC34-4FE0-957F-2EEDCF823F7D}.Release|Any CPU.Build.0 = Release|Any CPU
		{C038E350-99B5-4937-9052-447C2785BE6E}.Debug|Any CPU.ActiveCfg = Debug|Any CPU
		{C038E350-99B5-4937-9052-447C2785BE6E}.Debug|Any CPU.Build.0 = Debug|Any CPU
		{C038E350-99B5-4937-9052-447C2785BE6E}.Release|Any CPU.ActiveCfg = Release|Any CPU
		{C038E350-99B5-4937-9052-447C2785BE6E}.Release|Any CPU.Build.0 = Release|Any CPU
		{984729DE-282D-4FA8-9851-836741F4B14B}.Debug|Any CPU.ActiveCfg = Debug|Any CPU
		{984729DE-282D-4FA8-9851-836741F4B14B}.Debug|Any CPU.Build.0 = Debug|Any CPU
		{984729DE-282D-4FA8-9851-836741F4B14B}.Release|Any CPU.ActiveCfg = Release|Any CPU
		{984729DE-282D-4FA8-9851-836741F4B14B}.Release|Any CPU.Build.0 = Release|Any CPU
		{6F10A696-7204-4257-8141-BDFF9AFDDF26}.Debug|Any CPU.ActiveCfg = Debug|Any CPU
		{6F10A696-7204-4257-8141-BDFF9AFDDF26}.Debug|Any CPU.Build.0 = Debug|Any CPU
		{6F10A696-7204-4257-8141-BDFF9AFDDF26}.Release|Any CPU.ActiveCfg = Release|Any CPU
		{6F10A696-7204-4257-8141-BDFF9AFDDF26}.Release|Any CPU.Build.0 = Release|Any CPU
		{7D3705C5-5CA0-408B-8F26-D617F462AEAF}.Debug|Any CPU.ActiveCfg = Debug|Any CPU
		{7D3705C5-5CA0-408B-8F26-D617F462AEAF}.Debug|Any CPU.Build.0 = Debug|Any CPU
		{7D3705C5-5CA0-408B-8F26-D617F462AEAF}.Release|Any CPU.ActiveCfg = Release|Any CPU
		{7D3705C5-5CA0-408B-8F26-D617F462AEAF}.Release|Any CPU.Build.0 = Release|Any CPU
		{E87E947B-8741-415D-B80E-6DFA8137AF55}.Debug|Any CPU.ActiveCfg = Debug|Any CPU
		{E87E947B-8741-415D-B80E-6DFA8137AF55}.Debug|Any CPU.Build.0 = Debug|Any CPU
		{E87E947B-8741-415D-B80E-6DFA8137AF55}.Release|Any CPU.ActiveCfg = Release|Any CPU
		{E87E947B-8741-415D-B80E-6DFA8137AF55}.Release|Any CPU.Build.0 = Release|Any CPU
		{483614B5-EC4B-4663-AEFE-CC2F271FE9FE}.Debug|Any CPU.ActiveCfg = Debug|Any CPU
		{483614B5-EC4B-4663-AEFE-CC2F271FE9FE}.Debug|Any CPU.Build.0 = Debug|Any CPU
		{483614B5-EC4B-4663-AEFE-CC2F271FE9FE}.Release|Any CPU.ActiveCfg = Release|Any CPU
		{483614B5-EC4B-4663-AEFE-CC2F271FE9FE}.Release|Any CPU.Build.0 = Release|Any CPU
	EndGlobalSection
	GlobalSection(SolutionProperties) = preSolution
		HideSolutionNode = FALSE
	EndGlobalSection
	GlobalSection(NestedProjects) = preSolution
		{C0D1BFF4-6FDA-4ED4-B4EF-2425E06D0DA1} = {DA93F8A0-2852-4AFB-ADE5-797B71850B4A}
		{A99B8739-607D-4FD6-9D41-9533BEF27A59} = {DA93F8A0-2852-4AFB-ADE5-797B71850B4A}
		{C93036B8-B812-4213-B406-BB40D953FED7} = {DA93F8A0-2852-4AFB-ADE5-797B71850B4A}
		{B806F25B-0EBD-449D-B1A1-5BD133CE63DD} = {DA93F8A0-2852-4AFB-ADE5-797B71850B4A}
		{48F3037B-A9D6-4BBC-A076-3B73BB9E4107} = {DA93F8A0-2852-4AFB-ADE5-797B71850B4A}
		{5A620A2C-DB39-40B7-96BD-FB72D5B60EC3} = {24969C63-26BF-4B33-BF3A-755508E63CFA}
		{9320CE2C-987B-46E4-B179-37228EA71CF6} = {24969C63-26BF-4B33-BF3A-755508E63CFA}
		{942A22E1-B473-462A-84DA-8D6B0EE6F2D4} = {24969C63-26BF-4B33-BF3A-755508E63CFA}
		{FC9311CD-7532-4BF3-A47F-0A5AE2EEA32E} = {24969C63-26BF-4B33-BF3A-755508E63CFA}
		{153F7259-2D18-44D2-8F0E-A34A1831724B} = {24969C63-26BF-4B33-BF3A-755508E63CFA}
		{AE8B350A-0706-49A0-A74D-072E43D83E99} = {3F26BA10-B0F6-4029-8EAF-C55A01CEF6B3}
		{769C372A-4CC5-4622-9372-F95EC660F490} = {3F26BA10-B0F6-4029-8EAF-C55A01CEF6B3}
		{2D65C826-AC34-4FE0-957F-2EEDCF823F7D} = {3F26BA10-B0F6-4029-8EAF-C55A01CEF6B3}
		{C038E350-99B5-4937-9052-447C2785BE6E} = {3F26BA10-B0F6-4029-8EAF-C55A01CEF6B3}
		{984729DE-282D-4FA8-9851-836741F4B14B} = {D05AFCA4-3801-45E4-A251-C087D0D232F9}
		{6F10A696-7204-4257-8141-BDFF9AFDDF26} = {D05AFCA4-3801-45E4-A251-C087D0D232F9}
		{7D3705C5-5CA0-408B-8F26-D617F462AEAF} = {D05AFCA4-3801-45E4-A251-C087D0D232F9}
		{E87E947B-8741-415D-B80E-6DFA8137AF55} = {D05AFCA4-3801-45E4-A251-C087D0D232F9}
		{483614B5-EC4B-4663-AEFE-CC2F271FE9FE} = {0DC5C968-5DE5-424C-96EA-FAD0757B33F2}
	EndGlobalSection
	GlobalSection(ExtensibilityGlobals) = postSolution
		SolutionGuid = {3D5693C6-ABEA-4F01-994B-86D8A0B55C37}
	EndGlobalSection
EndGlobal
